// !$*UTF8*$!
{
	archiveVersion = 1;
	classes = {
	};
	objectVersion = 50;
	objects = {

/* Begin PBXBuildFile section */
		831A745C2364870100BA4FA0 /* romanToInteger.swift in Sources */ = {isa = PBXBuildFile; fileRef = 831A745B2364870100BA4FA0 /* romanToInteger.swift */; };
		832BFCD22362DA6C00A59AE9 /* palindromeNumber.swift in Sources */ = {isa = PBXBuildFile; fileRef = 832BFCD12362DA6C00A59AE9 /* palindromeNumber.swift */; };
		8377BCB42368222F00BE44D2 /* validParentheses.swift in Sources */ = {isa = PBXBuildFile; fileRef = 8377BCB32368222E00BE44D2 /* validParentheses.swift */; };
		8377BCB7236822AD00BE44D2 /* mergeSortedList.swift in Sources */ = {isa = PBXBuildFile; fileRef = 8377BCB6236822AD00BE44D2 /* mergeSortedList.swift */; };
		83801AC023616CAF00911239 /* main.swift in Sources */ = {isa = PBXBuildFile; fileRef = 83801ABF23616CAF00911239 /* main.swift */; };
		83801AC923616D2200911239 /* two-sum.swift in Sources */ = {isa = PBXBuildFile; fileRef = 83801AC823616D2200911239 /* two-sum.swift */; };
		83801ACB23616D6100911239 /* reverseInteger.swift in Sources */ = {isa = PBXBuildFile; fileRef = 83801ACA23616D6100911239 /* reverseInteger.swift */; };
		83C0B7C9236534B300DE0A53 /* longestCommonPrefix.swift in Sources */ = {isa = PBXBuildFile; fileRef = 83C0B7C8236534B300DE0A53 /* longestCommonPrefix.swift */; };
		83C0B7CC2369DB1100DE0A53 /* removeDuplicatesArray.swift in Sources */ = {isa = PBXBuildFile; fileRef = 83C0B7CB2369DB1100DE0A53 /* removeDuplicatesArray.swift */; };
		83DF60F1236AEF2900BBD4D0 /* removeElement.swift in Sources */ = {isa = PBXBuildFile; fileRef = 83DF60F0236AEF2900BBD4D0 /* removeElement.swift */; };
/* End PBXBuildFile section */

/* Begin PBXCopyFilesBuildPhase section */
		83801ABA23616CAF00911239 /* CopyFiles */ = {
			isa = PBXCopyFilesBuildPhase;
			buildActionMask = 2147483647;
			dstPath = /usr/share/man/man1/;
			dstSubfolderSpec = 0;
			files = (
			);
			runOnlyForDeploymentPostprocessing = 1;
		};
/* End PBXCopyFilesBuildPhase section */

/* Begin PBXFileReference section */
		831A745B2364870100BA4FA0 /* romanToInteger.swift */ = {isa = PBXFileReference; lastKnownFileType = sourcecode.swift; path = romanToInteger.swift; sourceTree = "<group>"; };
		832BFCD12362DA6C00A59AE9 /* palindromeNumber.swift */ = {isa = PBXFileReference; lastKnownFileType = sourcecode.swift; path = palindromeNumber.swift; sourceTree = "<group>"; };
		8377BCB32368222E00BE44D2 /* validParentheses.swift */ = {isa = PBXFileReference; fileEncoding = 4; lastKnownFileType = sourcecode.swift; path = validParentheses.swift; sourceTree = "<group>"; };
		8377BCB6236822AD00BE44D2 /* mergeSortedList.swift */ = {isa = PBXFileReference; lastKnownFileType = sourcecode.swift; path = mergeSortedList.swift; sourceTree = "<group>"; };
		83801ABC23616CAF00911239 /* leetcode */ = {isa = PBXFileReference; explicitFileType = "compiled.mach-o.executable"; includeInIndex = 0; path = leetcode; sourceTree = BUILT_PRODUCTS_DIR; };
		83801ABF23616CAF00911239 /* main.swift */ = {isa = PBXFileReference; lastKnownFileType = sourcecode.swift; path = main.swift; sourceTree = "<group>"; };
		83801AC823616D2200911239 /* two-sum.swift */ = {isa = PBXFileReference; fileEncoding = 4; lastKnownFileType = sourcecode.swift; path = "two-sum.swift"; sourceTree = "<group>"; };
		83801ACA23616D6100911239 /* reverseInteger.swift */ = {isa = PBXFileReference; lastKnownFileType = sourcecode.swift; path = reverseInteger.swift; sourceTree = "<group>"; };
		83C0B7C8236534B300DE0A53 /* longestCommonPrefix.swift */ = {isa = PBXFileReference; lastKnownFileType = sourcecode.swift; path = longestCommonPrefix.swift; sourceTree = "<group>"; };
		83C0B7CB2369DB1100DE0A53 /* removeDuplicatesArray.swift */ = {isa = PBXFileReference; lastKnownFileType = sourcecode.swift; path = removeDuplicatesArray.swift; sourceTree = "<group>"; };
		83DF60F0236AEF2900BBD4D0 /* removeElement.swift */ = {isa = PBXFileReference; lastKnownFileType = sourcecode.swift; path = removeElement.swift; sourceTree = "<group>"; };
/* End PBXFileReference section */

/* Begin PBXFrameworksBuildPhase section */
		83801AB923616CAF00911239 /* Frameworks */ = {
			isa = PBXFrameworksBuildPhase;
			buildActionMask = 2147483647;
			files = (
			);
			runOnlyForDeploymentPostprocessing = 0;
		};
/* End PBXFrameworksBuildPhase section */

/* Begin PBXGroup section */
		831A745A236486EC00BA4FA0 /* 13. Roman to Integer */ = {
			isa = PBXGroup;
			children = (
				831A745B2364870100BA4FA0 /* romanToInteger.swift */,
			);
			path = "13. Roman to Integer";
			sourceTree = "<group>";
		};
		832BFCD02362DA4300A59AE9 /* 9. Palindrome Number */ = {
			isa = PBXGroup;
			children = (
				832BFCD12362DA6C00A59AE9 /* palindromeNumber.swift */,
			);
			path = "9. Palindrome Number";
			sourceTree = "<group>";
		};
		8377BCB22368222E00BE44D2 /* 20. Valid Parentheses */ = {
			isa = PBXGroup;
			children = (
				8377BCB32368222E00BE44D2 /* validParentheses.swift */,
			);
			path = "20. Valid Parentheses";
			sourceTree = "<group>";
		};
		8377BCB52368228F00BE44D2 /* 21. Merge Two Sorted Lists */ = {
			isa = PBXGroup;
			children = (
				8377BCB6236822AD00BE44D2 /* mergeSortedList.swift */,
			);
			path = "21. Merge Two Sorted Lists";
			sourceTree = "<group>";
		};
		83801AB323616CAF00911239 = {
			isa = PBXGroup;
			children = (
				83801ABE23616CAF00911239 /* leetcode */,
				83801ABD23616CAF00911239 /* Products */,
			);
			sourceTree = "<group>";
		};
		83801ABD23616CAF00911239 /* Products */ = {
			isa = PBXGroup;
			children = (
				83801ABC23616CAF00911239 /* leetcode */,
			);
			name = Products;
			sourceTree = "<group>";
		};
		83801ABE23616CAF00911239 /* leetcode */ = {
			isa = PBXGroup;
			children = (
				83DF60EF236AEF1B00BBD4D0 /* 27. Remove Element */,
				83C0B7CA2369DAFD00DE0A53 /* 26. Remove Duplicates from Sorted Array */,
				8377BCB52368228F00BE44D2 /* 21. Merge Two Sorted Lists */,
				8377BCB22368222E00BE44D2 /* 20. Valid Parentheses */,
				83C0B7C72365349F00DE0A53 /* 14. Longest Common Prefix */,
				831A745A236486EC00BA4FA0 /* 13. Roman to Integer */,
				832BFCD02362DA4300A59AE9 /* 9. Palindrome Number */,
				83801AC623616D2200911239 /* 7.Reverse Integer */,
				83801AC723616D2200911239 /* 1.two-sum */,
				83801ABF23616CAF00911239 /* main.swift */,
			);
			path = leetcode;
			sourceTree = "<group>";
		};
		83801AC623616D2200911239 /* 7.Reverse Integer */ = {
			isa = PBXGroup;
			children = (
				83801ACA23616D6100911239 /* reverseInteger.swift */,
			);
			path = "7.Reverse Integer";
			sourceTree = "<group>";
		};
		83801AC723616D2200911239 /* 1.two-sum */ = {
			isa = PBXGroup;
			children = (
				83801AC823616D2200911239 /* two-sum.swift */,
			);
			path = "1.two-sum";
			sourceTree = "<group>";
		};
		83C0B7C72365349F00DE0A53 /* 14. Longest Common Prefix */ = {
			isa = PBXGroup;
			children = (
				83C0B7C8236534B300DE0A53 /* longestCommonPrefix.swift */,
			);
			path = "14. Longest Common Prefix";
			sourceTree = "<group>";
		};
		83C0B7CA2369DAFD00DE0A53 /* 26. Remove Duplicates from Sorted Array */ = {
			isa = PBXGroup;
			children = (
				83C0B7CB2369DB1100DE0A53 /* removeDuplicatesArray.swift */,
			);
			path = "26. Remove Duplicates from Sorted Array";
			sourceTree = "<group>";
		};
		83DF60EF236AEF1B00BBD4D0 /* 27. Remove Element */ = {
			isa = PBXGroup;
			children = (
				83DF60F0236AEF2900BBD4D0 /* removeElement.swift */,
			);
			path = "27. Remove Element";
			sourceTree = "<group>";
		};
/* End PBXGroup section */

/* Begin PBXNativeTarget section */
		83801ABB23616CAF00911239 /* leetcode */ = {
			isa = PBXNativeTarget;
			buildConfigurationList = 83801AC323616CAF00911239 /* Build configuration list for PBXNativeTarget "leetcode" */;
			buildPhases = (
				83801AB823616CAF00911239 /* Sources */,
				83801AB923616CAF00911239 /* Frameworks */,
				83801ABA23616CAF00911239 /* CopyFiles */,
			);
			buildRules = (
			);
			dependencies = (
			);
			name = leetcode;
			productName = leetcode;
			productReference = 83801ABC23616CAF00911239 /* leetcode */;
			productType = "com.apple.product-type.tool";
		};
/* End PBXNativeTarget section */

/* Begin PBXProject section */
		83801AB423616CAF00911239 /* Project object */ = {
			isa = PBXProject;
			attributes = {
				LastSwiftUpdateCheck = 1110;
				LastUpgradeCheck = 1110;
				ORGANIZATIONNAME = codesquad;
				TargetAttributes = {
					83801ABB23616CAF00911239 = {
						CreatedOnToolsVersion = 11.1;
					};
				};
			};
			buildConfigurationList = 83801AB723616CAF00911239 /* Build configuration list for PBXProject "leetcode" */;
			compatibilityVersion = "Xcode 9.3";
			developmentRegion = en;
			hasScannedForEncodings = 0;
			knownRegions = (
				en,
				Base,
			);
			mainGroup = 83801AB323616CAF00911239;
			productRefGroup = 83801ABD23616CAF00911239 /* Products */;
			projectDirPath = "";
			projectRoot = "";
			targets = (
				83801ABB23616CAF00911239 /* leetcode */,
			);
		};
/* End PBXProject section */

/* Begin PBXSourcesBuildPhase section */
		83801AB823616CAF00911239 /* Sources */ = {
			isa = PBXSourcesBuildPhase;
			buildActionMask = 2147483647;
			files = (
				83801AC923616D2200911239 /* two-sum.swift in Sources */,
				832BFCD22362DA6C00A59AE9 /* palindromeNumber.swift in Sources */,
				83DF60F1236AEF2900BBD4D0 /* removeElement.swift in Sources */,
				83801ACB23616D6100911239 /* reverseInteger.swift in Sources */,
				83C0B7C9236534B300DE0A53 /* longestCommonPrefix.swift in Sources */,
				83C0B7CC2369DB1100DE0A53 /* removeDuplicatesArray.swift in Sources */,
				83801AC023616CAF00911239 /* main.swift in Sources */,
				8377BCB7236822AD00BE44D2 /* mergeSortedList.swift in Sources */,
				8377BCB42368222F00BE44D2 /* validParentheses.swift in Sources */,
				831A745C2364870100BA4FA0 /* romanToInteger.swift in Sources */,
			);
			runOnlyForDeploymentPostprocessing = 0;
		};
/* End PBXSourcesBuildPhase section */

/* Begin XCBuildConfiguration section */
		83801AC123616CAF00911239 /* Debug */ = {
			isa = XCBuildConfiguration;
			buildSettings = {
				ALWAYS_SEARCH_USER_PATHS = NO;
				CLANG_ANALYZER_NONNULL = YES;
				CLANG_ANALYZER_NUMBER_OBJECT_CONVERSION = YES_AGGRESSIVE;
				CLANG_CXX_LANGUAGE_STANDARD = "gnu++14";
				CLANG_CXX_LIBRARY = "libc++";
				CLANG_ENABLE_MODULES = YES;
				CLANG_ENABLE_OBJC_ARC = YES;
				CLANG_ENABLE_OBJC_WEAK = YES;
				CLANG_WARN_BLOCK_CAPTURE_AUTORELEASING = YES;
				CLANG_WARN_BOOL_CONVERSION = YES;
				CLANG_WARN_COMMA = YES;
				CLANG_WARN_CONSTANT_CONVERSION = YES;
				CLANG_WARN_DEPRECATED_OBJC_IMPLEMENTATIONS = YES;
				CLANG_WARN_DIRECT_OBJC_ISA_USAGE = YES_ERROR;
				CLANG_WARN_DOCUMENTATION_COMMENTS = YES;
				CLANG_WARN_EMPTY_BODY = YES;
				CLANG_WARN_ENUM_CONVERSION = YES;
				CLANG_WARN_INFINITE_RECURSION = YES;
				CLANG_WARN_INT_CONVERSION = YES;
				CLANG_WARN_NON_LITERAL_NULL_CONVERSION = YES;
				CLANG_WARN_OBJC_IMPLICIT_RETAIN_SELF = YES;
				CLANG_WARN_OBJC_LITERAL_CONVERSION = YES;
				CLANG_WARN_OBJC_ROOT_CLASS = YES_ERROR;
				CLANG_WARN_RANGE_LOOP_ANALYSIS = YES;
				CLANG_WARN_STRICT_PROTOTYPES = YES;
				CLANG_WARN_SUSPICIOUS_MOVE = YES;
				CLANG_WARN_UNGUARDED_AVAILABILITY = YES_AGGRESSIVE;
				CLANG_WARN_UNREACHABLE_CODE = YES;
				CLANG_WARN__DUPLICATE_METHOD_MATCH = YES;
				COPY_PHASE_STRIP = NO;
				DEBUG_INFORMATION_FORMAT = dwarf;
				ENABLE_STRICT_OBJC_MSGSEND = YES;
				ENABLE_TESTABILITY = YES;
				GCC_C_LANGUAGE_STANDARD = gnu11;
				GCC_DYNAMIC_NO_PIC = NO;
				GCC_NO_COMMON_BLOCKS = YES;
				GCC_OPTIMIZATION_LEVEL = 0;
				GCC_PREPROCESSOR_DEFINITIONS = (
					"DEBUG=1",
					"$(inherited)",
				);
				GCC_WARN_64_TO_32_BIT_CONVERSION = YES;
				GCC_WARN_ABOUT_RETURN_TYPE = YES_ERROR;
				GCC_WARN_UNDECLARED_SELECTOR = YES;
				GCC_WARN_UNINITIALIZED_AUTOS = YES_AGGRESSIVE;
				GCC_WARN_UNUSED_FUNCTION = YES;
				GCC_WARN_UNUSED_VARIABLE = YES;
				MACOSX_DEPLOYMENT_TARGET = 10.15;
				MTL_ENABLE_DEBUG_INFO = INCLUDE_SOURCE;
				MTL_FAST_MATH = YES;
				ONLY_ACTIVE_ARCH = YES;
				SDKROOT = macosx;
				SWIFT_ACTIVE_COMPILATION_CONDITIONS = DEBUG;
				SWIFT_OPTIMIZATION_LEVEL = "-Onone";
			};
			name = Debug;
		};
		83801AC223616CAF00911239 /* Release */ = {
			isa = XCBuildConfiguration;
			buildSettings = {
				ALWAYS_SEARCH_USER_PATHS = NO;
				CLANG_ANALYZER_NONNULL = YES;
				CLANG_ANALYZER_NUMBER_OBJECT_CONVERSION = YES_AGGRESSIVE;
				CLANG_CXX_LANGUAGE_STANDARD = "gnu++14";
				CLANG_CXX_LIBRARY = "libc++";
				CLANG_ENABLE_MODULES = YES;
				CLANG_ENABLE_OBJC_ARC = YES;
				CLANG_ENABLE_OBJC_WEAK = YES;
				CLANG_WARN_BLOCK_CAPTURE_AUTORELEASING = YES;
				CLANG_WARN_BOOL_CONVERSION = YES;
				CLANG_WARN_COMMA = YES;
				CLANG_WARN_CONSTANT_CONVERSION = YES;
				CLANG_WARN_DEPRECATED_OBJC_IMPLEMENTATIONS = YES;
				CLANG_WARN_DIRECT_OBJC_ISA_USAGE = YES_ERROR;
				CLANG_WARN_DOCUMENTATION_COMMENTS = YES;
				CLANG_WARN_EMPTY_BODY = YES;
				CLANG_WARN_ENUM_CONVERSION = YES;
				CLANG_WARN_INFINITE_RECURSION = YES;
				CLANG_WARN_INT_CONVERSION = YES;
				CLANG_WARN_NON_LITERAL_NULL_CONVERSION = YES;
				CLANG_WARN_OBJC_IMPLICIT_RETAIN_SELF = YES;
				CLANG_WARN_OBJC_LITERAL_CONVERSION = YES;
				CLANG_WARN_OBJC_ROOT_CLASS = YES_ERROR;
				CLANG_WARN_RANGE_LOOP_ANALYSIS = YES;
				CLANG_WARN_STRICT_PROTOTYPES = YES;
				CLANG_WARN_SUSPICIOUS_MOVE = YES;
				CLANG_WARN_UNGUARDED_AVAILABILITY = YES_AGGRESSIVE;
				CLANG_WARN_UNREACHABLE_CODE = YES;
				CLANG_WARN__DUPLICATE_METHOD_MATCH = YES;
				COPY_PHASE_STRIP = NO;
				DEBUG_INFORMATION_FORMAT = "dwarf-with-dsym";
				ENABLE_NS_ASSERTIONS = NO;
				ENABLE_STRICT_OBJC_MSGSEND = YES;
				GCC_C_LANGUAGE_STANDARD = gnu11;
				GCC_NO_COMMON_BLOCKS = YES;
				GCC_WARN_64_TO_32_BIT_CONVERSION = YES;
				GCC_WARN_ABOUT_RETURN_TYPE = YES_ERROR;
				GCC_WARN_UNDECLARED_SELECTOR = YES;
				GCC_WARN_UNINITIALIZED_AUTOS = YES_AGGRESSIVE;
				GCC_WARN_UNUSED_FUNCTION = YES;
				GCC_WARN_UNUSED_VARIABLE = YES;
				MACOSX_DEPLOYMENT_TARGET = 10.15;
				MTL_ENABLE_DEBUG_INFO = NO;
				MTL_FAST_MATH = YES;
				SDKROOT = macosx;
				SWIFT_COMPILATION_MODE = wholemodule;
				SWIFT_OPTIMIZATION_LEVEL = "-O";
			};
			name = Release;
		};
		83801AC423616CAF00911239 /* Debug */ = {
			isa = XCBuildConfiguration;
			buildSettings = {
				CODE_SIGN_STYLE = Automatic;
				PRODUCT_NAME = "$(TARGET_NAME)";
				SWIFT_VERSION = 5.0;
			};
			name = Debug;
		};
		83801AC523616CAF00911239 /* Release */ = {
			isa = XCBuildConfiguration;
			buildSettings = {
				CODE_SIGN_STYLE = Automatic;
				PRODUCT_NAME = "$(TARGET_NAME)";
				SWIFT_VERSION = 5.0;
			};
			name = Release;
		};
/* End XCBuildConfiguration section */

/* Begin XCConfigurationList section */
		83801AB723616CAF00911239 /* Build configuration list for PBXProject "leetcode" */ = {
			isa = XCConfigurationList;
			buildConfigurations = (
				83801AC123616CAF00911239 /* Debug */,
				83801AC223616CAF00911239 /* Release */,
			);
			defaultConfigurationIsVisible = 0;
			defaultConfigurationName = Release;
		};
		83801AC323616CAF00911239 /* Build configuration list for PBXNativeTarget "leetcode" */ = {
			isa = XCConfigurationList;
			buildConfigurations = (
				83801AC423616CAF00911239 /* Debug */,
				83801AC523616CAF00911239 /* Release */,
			);
			defaultConfigurationIsVisible = 0;
			defaultConfigurationName = Release;
		};
/* End XCConfigurationList section */
	};
	rootObject = 83801AB423616CAF00911239 /* Project object */;
}
